// !$*UTF8*$!
{
	archiveVersion = 1;
	classes = {
	};
	objectVersion = 51;
	objects = {

/* Begin PBXBuildFile section */
		14AEEC138735407862C307A3 /* Pods_Swift5_StressAPP.framework in Frameworks */ = {isa = PBXBuildFile; fileRef = F01960B09209111EDAF39392 /* Pods_Swift5_StressAPP.framework */; };
		B41781AC235B11B7002149F9 /* SearchTableViewCell.swift in Sources */ = {isa = PBXBuildFile; fileRef = B41781AB235B11B7002149F9 /* SearchTableViewCell.swift */; };
		B41781AE235CA2DA002149F9 /* MylistData.swift in Sources */ = {isa = PBXBuildFile; fileRef = B41781AD235CA2DA002149F9 /* MylistData.swift */; };
		B41781B2235DE669002149F9 /* NewViewController.swift in Sources */ = {isa = PBXBuildFile; fileRef = B41781B1235DE669002149F9 /* NewViewController.swift */; };
		B41C46C4234758DF00D3210C /* AppDelegate.swift in Sources */ = {isa = PBXBuildFile; fileRef = B41C46C3234758DF00D3210C /* AppDelegate.swift */; };
		B41C46C6234758DF00D3210C /* SceneDelegate.swift in Sources */ = {isa = PBXBuildFile; fileRef = B41C46C5234758DF00D3210C /* SceneDelegate.swift */; };
		B41C46CD234758DF00D3210C /* Main.storyboard in Resources */ = {isa = PBXBuildFile; fileRef = B41C46CB234758DF00D3210C /* Main.storyboard */; };
		B41C46CF234758E200D3210C /* Assets.xcassets in Resources */ = {isa = PBXBuildFile; fileRef = B41C46CE234758E200D3210C /* Assets.xcassets */; };
		B41C46D2234758E200D3210C /* LaunchScreen.storyboard in Resources */ = {isa = PBXBuildFile; fileRef = B41C46D0234758E200D3210C /* LaunchScreen.storyboard */; };
		B41C46DD23475CF500D3210C /* ListViewController.swift in Sources */ = {isa = PBXBuildFile; fileRef = B41C46DC23475CF500D3210C /* ListViewController.swift */; };
		B41C46DF2347726C00D3210C /* ListDetailViewController.swift in Sources */ = {isa = PBXBuildFile; fileRef = B41C46DE2347726C00D3210C /* ListDetailViewController.swift */; };
		B41C46E12348A68B00D3210C /* SearchViewController.swift in Sources */ = {isa = PBXBuildFile; fileRef = B41C46E02348A68B00D3210C /* SearchViewController.swift */; };
		B41C46E32348A74600D3210C /* SearchDetailViewController.swift in Sources */ = {isa = PBXBuildFile; fileRef = B41C46E22348A74600D3210C /* SearchDetailViewController.swift */; };
		B41C46E7234B553300D3210C /* AddViewController.swift in Sources */ = {isa = PBXBuildFile; fileRef = B41C46E6234B553300D3210C /* AddViewController.swift */; };
		B43F295D236328B000B14757 /* ListChangeViewController.swift in Sources */ = {isa = PBXBuildFile; fileRef = B43F295C236328B000B14757 /* ListChangeViewController.swift */; };
		B45FF0EC237D941F005F36F7 /* DiarDetailViewController.swift in Sources */ = {isa = PBXBuildFile; fileRef = B45FF0EB237D941F005F36F7 /* DiarDetailViewController.swift */; };
		B45FF0EE2381858B005F36F7 /* checkmark.json in Resources */ = {isa = PBXBuildFile; fileRef = B45FF0ED2381858B005F36F7 /* checkmark.json */; };
		B4931AA2238C2491006C5952 /* MyListManeger.swift in Sources */ = {isa = PBXBuildFile; fileRef = B4931AA1238C2491006C5952 /* MyListManeger.swift */; };
		B4931AA423926B6F006C5952 /* TimeLineManeger.swift in Sources */ = {isa = PBXBuildFile; fileRef = B4931AA323926B6F006C5952 /* TimeLineManeger.swift */; };
		B4931AA62392806C006C5952 /* DiaryManeger.swift in Sources */ = {isa = PBXBuildFile; fileRef = B4931AA52392806C006C5952 /* DiaryManeger.swift */; };
		B4F198FC234CE40200E1230D /* LoginViewController.swift in Sources */ = {isa = PBXBuildFile; fileRef = B4F198FB234CE40200E1230D /* LoginViewController.swift */; };
		B4F198FE234CE9DB00E1230D /* TimeLineData.swift in Sources */ = {isa = PBXBuildFile; fileRef = B4F198FD234CE9DB00E1230D /* TimeLineData.swift */; };
		B4F19900234D70B100E1230D /* GoogleService-Info.plist in Resources */ = {isa = PBXBuildFile; fileRef = B4F198FF234D70B100E1230D /* GoogleService-Info.plist */; };
		B4FD11692371A1A900D3171E /* CalendarAddViewController.swift in Sources */ = {isa = PBXBuildFile; fileRef = B4FD11682371A1A900D3171E /* CalendarAddViewController.swift */; };
		B4FD116B2375959F00D3171E /* star1.json in Resources */ = {isa = PBXBuildFile; fileRef = B4FD116A2375959F00D3171E /* star1.json */; };
		B4FD117D237AC98800D3171E /* Diary.swift in Sources */ = {isa = PBXBuildFile; fileRef = B4FD117C237AC98800D3171E /* Diary.swift */; };
		B4FEE280236C66FB002D1A1F /* CalenderViewController.swift in Sources */ = {isa = PBXBuildFile; fileRef = B4FEE27F236C66FB002D1A1F /* CalenderViewController.swift */; };
/* End PBXBuildFile section */

/* Begin PBXFileReference section */
		07BBD21DEA52D753BD682DFF /* Pods-Swift5_StressAPP.debug.xcconfig */ = {isa = PBXFileReference; includeInIndex = 1; lastKnownFileType = text.xcconfig; name = "Pods-Swift5_StressAPP.debug.xcconfig"; path = "Target Support Files/Pods-Swift5_StressAPP/Pods-Swift5_StressAPP.debug.xcconfig"; sourceTree = "<group>"; };
		B41781AB235B11B7002149F9 /* SearchTableViewCell.swift */ = {isa = PBXFileReference; lastKnownFileType = sourcecode.swift; path = SearchTableViewCell.swift; sourceTree = "<group>"; };
		B41781AD235CA2DA002149F9 /* MylistData.swift */ = {isa = PBXFileReference; lastKnownFileType = sourcecode.swift; path = MylistData.swift; sourceTree = "<group>"; };
		B41781B1235DE669002149F9 /* NewViewController.swift */ = {isa = PBXFileReference; lastKnownFileType = sourcecode.swift; path = NewViewController.swift; sourceTree = "<group>"; };
		B41C46C0234758DF00D3210C /* Swift5_StressAPP.app */ = {isa = PBXFileReference; explicitFileType = wrapper.application; includeInIndex = 0; path = Swift5_StressAPP.app; sourceTree = BUILT_PRODUCTS_DIR; };
		B41C46C3234758DF00D3210C /* AppDelegate.swift */ = {isa = PBXFileReference; lastKnownFileType = sourcecode.swift; path = AppDelegate.swift; sourceTree = "<group>"; };
		B41C46C5234758DF00D3210C /* SceneDelegate.swift */ = {isa = PBXFileReference; lastKnownFileType = sourcecode.swift; path = SceneDelegate.swift; sourceTree = "<group>"; };
		B41C46CC234758DF00D3210C /* Base */ = {isa = PBXFileReference; lastKnownFileType = file.storyboard; name = Base; path = Base.lproj/Main.storyboard; sourceTree = "<group>"; };
		B41C46CE234758E200D3210C /* Assets.xcassets */ = {isa = PBXFileReference; lastKnownFileType = folder.assetcatalog; path = Assets.xcassets; sourceTree = "<group>"; };
		B41C46D1234758E200D3210C /* Base */ = {isa = PBXFileReference; lastKnownFileType = file.storyboard; name = Base; path = Base.lproj/LaunchScreen.storyboard; sourceTree = "<group>"; };
		B41C46D3234758E200D3210C /* Info.plist */ = {isa = PBXFileReference; lastKnownFileType = text.plist.xml; path = Info.plist; sourceTree = "<group>"; };
		B41C46DC23475CF500D3210C /* ListViewController.swift */ = {isa = PBXFileReference; lastKnownFileType = sourcecode.swift; path = ListViewController.swift; sourceTree = "<group>"; };
		B41C46DE2347726C00D3210C /* ListDetailViewController.swift */ = {isa = PBXFileReference; lastKnownFileType = sourcecode.swift; path = ListDetailViewController.swift; sourceTree = "<group>"; };
		B41C46E02348A68B00D3210C /* SearchViewController.swift */ = {isa = PBXFileReference; lastKnownFileType = sourcecode.swift; path = SearchViewController.swift; sourceTree = "<group>"; };
		B41C46E22348A74600D3210C /* SearchDetailViewController.swift */ = {isa = PBXFileReference; lastKnownFileType = sourcecode.swift; path = SearchDetailViewController.swift; sourceTree = "<group>"; };
		B41C46E6234B553300D3210C /* AddViewController.swift */ = {isa = PBXFileReference; lastKnownFileType = sourcecode.swift; path = AddViewController.swift; sourceTree = "<group>"; };
		B43F295C236328B000B14757 /* ListChangeViewController.swift */ = {isa = PBXFileReference; lastKnownFileType = sourcecode.swift; path = ListChangeViewController.swift; sourceTree = "<group>"; };
		B45FF0EB237D941F005F36F7 /* DiarDetailViewController.swift */ = {isa = PBXFileReference; lastKnownFileType = sourcecode.swift; path = DiarDetailViewController.swift; sourceTree = "<group>"; };
		B45FF0ED2381858B005F36F7 /* checkmark.json */ = {isa = PBXFileReference; fileEncoding = 4; lastKnownFileType = text.json; path = checkmark.json; sourceTree = "<group>"; };
		B4931AA1238C2491006C5952 /* MyListManeger.swift */ = {isa = PBXFileReference; lastKnownFileType = sourcecode.swift; path = MyListManeger.swift; sourceTree = "<group>"; };
		B4931AA323926B6F006C5952 /* TimeLineManeger.swift */ = {isa = PBXFileReference; lastKnownFileType = sourcecode.swift; path = TimeLineManeger.swift; sourceTree = "<group>"; };
		B4931AA52392806C006C5952 /* DiaryManeger.swift */ = {isa = PBXFileReference; lastKnownFileType = sourcecode.swift; path = DiaryManeger.swift; sourceTree = "<group>"; };
		B4F198FB234CE40200E1230D /* LoginViewController.swift */ = {isa = PBXFileReference; lastKnownFileType = sourcecode.swift; path = LoginViewController.swift; sourceTree = "<group>"; };
		B4F198FD234CE9DB00E1230D /* TimeLineData.swift */ = {isa = PBXFileReference; lastKnownFileType = sourcecode.swift; path = TimeLineData.swift; sourceTree = "<group>"; };
		B4F198FF234D70B100E1230D /* GoogleService-Info.plist */ = {isa = PBXFileReference; fileEncoding = 4; lastKnownFileType = text.plist.xml; path = "GoogleService-Info.plist"; sourceTree = "<group>"; };
		B4FD11682371A1A900D3171E /* CalendarAddViewController.swift */ = {isa = PBXFileReference; lastKnownFileType = sourcecode.swift; path = CalendarAddViewController.swift; sourceTree = "<group>"; };
		B4FD116A2375959F00D3171E /* star1.json */ = {isa = PBXFileReference; fileEncoding = 4; lastKnownFileType = text.json; path = star1.json; sourceTree = "<group>"; };
		B4FD117C237AC98800D3171E /* Diary.swift */ = {isa = PBXFileReference; lastKnownFileType = sourcecode.swift; path = Diary.swift; sourceTree = "<group>"; };
		B4FEE27F236C66FB002D1A1F /* CalenderViewController.swift */ = {isa = PBXFileReference; lastKnownFileType = sourcecode.swift; path = CalenderViewController.swift; sourceTree = "<group>"; };
		F01960B09209111EDAF39392 /* Pods_Swift5_StressAPP.framework */ = {isa = PBXFileReference; explicitFileType = wrapper.framework; includeInIndex = 0; path = Pods_Swift5_StressAPP.framework; sourceTree = BUILT_PRODUCTS_DIR; };
		FB80D451DDBA31C9049F5B1C /* Pods-Swift5_StressAPP.release.xcconfig */ = {isa = PBXFileReference; includeInIndex = 1; lastKnownFileType = text.xcconfig; name = "Pods-Swift5_StressAPP.release.xcconfig"; path = "Target Support Files/Pods-Swift5_StressAPP/Pods-Swift5_StressAPP.release.xcconfig"; sourceTree = "<group>"; };
/* End PBXFileReference section */

/* Begin PBXFrameworksBuildPhase section */
		B41C46BD234758DF00D3210C /* Frameworks */ = {
			isa = PBXFrameworksBuildPhase;
			buildActionMask = 2147483647;
			files = (
				14AEEC138735407862C307A3 /* Pods_Swift5_StressAPP.framework in Frameworks */,
			);
			runOnlyForDeploymentPostprocessing = 0;
		};
/* End PBXFrameworksBuildPhase section */

/* Begin PBXGroup section */
		0489C367AD24D9F67F10D84F /* Pods */ = {
			isa = PBXGroup;
			children = (
				07BBD21DEA52D753BD682DFF /* Pods-Swift5_StressAPP.debug.xcconfig */,
				FB80D451DDBA31C9049F5B1C /* Pods-Swift5_StressAPP.release.xcconfig */,
			);
			path = Pods;
			sourceTree = "<group>";
		};
		64E02224E0BCA3BB39B3A328 /* Frameworks */ = {
			isa = PBXGroup;
			children = (
				F01960B09209111EDAF39392 /* Pods_Swift5_StressAPP.framework */,
			);
			name = Frameworks;
			sourceTree = "<group>";
		};
		B41C46B7234758DF00D3210C = {
			isa = PBXGroup;
			children = (
				B41C46C2234758DF00D3210C /* Swift5_StressAPP */,
				B41C46C1234758DF00D3210C /* Products */,
				0489C367AD24D9F67F10D84F /* Pods */,
				64E02224E0BCA3BB39B3A328 /* Frameworks */,
			);
			sourceTree = "<group>";
		};
		B41C46C1234758DF00D3210C /* Products */ = {
			isa = PBXGroup;
			children = (
				B41C46C0234758DF00D3210C /* Swift5_StressAPP.app */,
			);
			name = Products;
			sourceTree = "<group>";
		};
		B41C46C2234758DF00D3210C /* Swift5_StressAPP */ = {
			isa = PBXGroup;
			children = (
				B41C46D923475B8500D3210C /* Model */,
				B41C46DB23475B9B00D3210C /* View */,
				B41C46DA23475B9000D3210C /* Controller */,
				B41C46D3234758E200D3210C /* Info.plist */,
				B4F198FF234D70B100E1230D /* GoogleService-Info.plist */,
				B4FD116A2375959F00D3171E /* star1.json */,
				B45FF0ED2381858B005F36F7 /* checkmark.json */,
			);
			path = Swift5_StressAPP;
			sourceTree = "<group>";
		};
		B41C46D923475B8500D3210C /* Model */ = {
			isa = PBXGroup;
			children = (
				B41781AD235CA2DA002149F9 /* MylistData.swift */,
				B4931AA1238C2491006C5952 /* MyListManeger.swift */,
				B4F198FD234CE9DB00E1230D /* TimeLineData.swift */,
				B4931AA323926B6F006C5952 /* TimeLineManeger.swift */,
				B4FD117C237AC98800D3171E /* Diary.swift */,
				B4931AA52392806C006C5952 /* DiaryManeger.swift */,
			);
			path = Model;
			sourceTree = "<group>";
		};
		B41C46DA23475B9000D3210C /* Controller */ = {
			isa = PBXGroup;
			children = (
				B41C46C3234758DF00D3210C /* AppDelegate.swift */,
				B41C46C5234758DF00D3210C /* SceneDelegate.swift */,
				B4F198FB234CE40200E1230D /* LoginViewController.swift */,
				B41781B1235DE669002149F9 /* NewViewController.swift */,
				B41C46DC23475CF500D3210C /* ListViewController.swift */,
				B41C46DE2347726C00D3210C /* ListDetailViewController.swift */,
				B43F295C236328B000B14757 /* ListChangeViewController.swift */,
				B41C46E6234B553300D3210C /* AddViewController.swift */,
				B4FEE27F236C66FB002D1A1F /* CalenderViewController.swift */,
				B4FD11682371A1A900D3171E /* CalendarAddViewController.swift */,
				B45FF0EB237D941F005F36F7 /* DiarDetailViewController.swift */,
				B41C46E02348A68B00D3210C /* SearchViewController.swift */,
				B41C46E22348A74600D3210C /* SearchDetailViewController.swift */,
			);
			path = Controller;
			sourceTree = "<group>";
		};
		B41C46DB23475B9B00D3210C /* View */ = {
			isa = PBXGroup;
			children = (
				B41C46CB234758DF00D3210C /* Main.storyboard */,
				B41C46CE234758E200D3210C /* Assets.xcassets */,
				B41C46D0234758E200D3210C /* LaunchScreen.storyboard */,
				B41781AB235B11B7002149F9 /* SearchTableViewCell.swift */,
			);
			path = View;
			sourceTree = "<group>";
		};
/* End PBXGroup section */

/* Begin PBXNativeTarget section */
		B41C46BF234758DF00D3210C /* Swift5_StressAPP */ = {
			isa = PBXNativeTarget;
			buildConfigurationList = B41C46D6234758E200D3210C /* Build configuration list for PBXNativeTarget "Swift5_StressAPP" */;
			buildPhases = (
				5FF1BF2B62F940AFD4FB5AD8 /* [CP] Check Pods Manifest.lock */,
				B41C46BC234758DF00D3210C /* Sources */,
				B41C46BD234758DF00D3210C /* Frameworks */,
				B41C46BE234758DF00D3210C /* Resources */,
				4F6A5AF941A008945D874535 /* [CP] Embed Pods Frameworks */,
			);
			buildRules = (
			);
			dependencies = (
			);
			name = Swift5_StressAPP;
			productName = Swift5_StressAPP;
			productReference = B41C46C0234758DF00D3210C /* Swift5_StressAPP.app */;
			productType = "com.apple.product-type.application";
		};
/* End PBXNativeTarget section */

/* Begin PBXProject section */
		B41C46B8234758DF00D3210C /* Project object */ = {
			isa = PBXProject;
			attributes = {
				LastSwiftUpdateCheck = 1100;
				LastUpgradeCheck = 1100;
				ORGANIZATIONNAME = kosekitakashi;
				TargetAttributes = {
					B41C46BF234758DF00D3210C = {
						CreatedOnToolsVersion = 11.0;
					};
				};
			};
			buildConfigurationList = B41C46BB234758DF00D3210C /* Build configuration list for PBXProject "Swift5_StressAPP" */;
			compatibilityVersion = "Xcode 9.3";
			developmentRegion = en;
			hasScannedForEncodings = 0;
			knownRegions = (
				en,
				Base,
			);
			mainGroup = B41C46B7234758DF00D3210C;
			productRefGroup = B41C46C1234758DF00D3210C /* Products */;
			projectDirPath = "";
			projectRoot = "";
			targets = (
				B41C46BF234758DF00D3210C /* Swift5_StressAPP */,
			);
		};
/* End PBXProject section */

/* Begin PBXResourcesBuildPhase section */
		B41C46BE234758DF00D3210C /* Resources */ = {
			isa = PBXResourcesBuildPhase;
			buildActionMask = 2147483647;
			files = (
				B4FD116B2375959F00D3171E /* star1.json in Resources */,
				B45FF0EE2381858B005F36F7 /* checkmark.json in Resources */,
				B41C46D2234758E200D3210C /* LaunchScreen.storyboard in Resources */,
				B4F19900234D70B100E1230D /* GoogleService-Info.plist in Resources */,
				B41C46CF234758E200D3210C /* Assets.xcassets in Resources */,
				B41C46CD234758DF00D3210C /* Main.storyboard in Resources */,
			);
			runOnlyForDeploymentPostprocessing = 0;
		};
/* End PBXResourcesBuildPhase section */

/* Begin PBXShellScriptBuildPhase section */
		4F6A5AF941A008945D874535 /* [CP] Embed Pods Frameworks */ = {
			isa = PBXShellScriptBuildPhase;
			buildActionMask = 2147483647;
			files = (
			);
			inputFileListPaths = (
				"${PODS_ROOT}/Target Support Files/Pods-Swift5_StressAPP/Pods-Swift5_StressAPP-frameworks-${CONFIGURATION}-input-files.xcfilelist",
			);
			name = "[CP] Embed Pods Frameworks";
			outputFileListPaths = (
				"${PODS_ROOT}/Target Support Files/Pods-Swift5_StressAPP/Pods-Swift5_StressAPP-frameworks-${CONFIGURATION}-output-files.xcfilelist",
			);
			runOnlyForDeploymentPostprocessing = 0;
			shellPath = /bin/sh;
			shellScript = "\"${PODS_ROOT}/Target Support Files/Pods-Swift5_StressAPP/Pods-Swift5_StressAPP-frameworks.sh\"\n";
			showEnvVarsInLog = 0;
		};
		5FF1BF2B62F940AFD4FB5AD8 /* [CP] Check Pods Manifest.lock */ = {
			isa = PBXShellScriptBuildPhase;
			buildActionMask = 2147483647;
			files = (
			);
			inputFileListPaths = (
			);
			inputPaths = (
				"${PODS_PODFILE_DIR_PATH}/Podfile.lock",
				"${PODS_ROOT}/Manifest.lock",
			);
			name = "[CP] Check Pods Manifest.lock";
			outputFileListPaths = (
			);
			outputPaths = (
				"$(DERIVED_FILE_DIR)/Pods-Swift5_StressAPP-checkManifestLockResult.txt",
			);
			runOnlyForDeploymentPostprocessing = 0;
			shellPath = /bin/sh;
			shellScript = "diff \"${PODS_PODFILE_DIR_PATH}/Podfile.lock\" \"${PODS_ROOT}/Manifest.lock\" > /dev/null\nif [ $? != 0 ] ; then\n    # print error to STDERR\n    echo \"error: The sandbox is not in sync with the Podfile.lock. Run 'pod install' or update your CocoaPods installation.\" >&2\n    exit 1\nfi\n# This output is used by Xcode 'outputs' to avoid re-running this script phase.\necho \"SUCCESS\" > \"${SCRIPT_OUTPUT_FILE_0}\"\n";
			showEnvVarsInLog = 0;
		};
/* End PBXShellScriptBuildPhase section */

/* Begin PBXSourcesBuildPhase section */
		B41C46BC234758DF00D3210C /* Sources */ = {
			isa = PBXSourcesBuildPhase;
			buildActionMask = 2147483647;
			files = (
				B4F198FC234CE40200E1230D /* LoginViewController.swift in Sources */,
				B41781AE235CA2DA002149F9 /* MylistData.swift in Sources */,
				B45FF0EC237D941F005F36F7 /* DiarDetailViewController.swift in Sources */,
				B4F198FE234CE9DB00E1230D /* TimeLineData.swift in Sources */,
				B4931AA2238C2491006C5952 /* MyListManeger.swift in Sources */,
				B4FD117D237AC98800D3171E /* Diary.swift in Sources */,
				B41C46E32348A74600D3210C /* SearchDetailViewController.swift in Sources */,
				B4FEE280236C66FB002D1A1F /* CalenderViewController.swift in Sources */,
				B4931AA423926B6F006C5952 /* TimeLineManeger.swift in Sources */,
				B41C46E12348A68B00D3210C /* SearchViewController.swift in Sources */,
				B41781AC235B11B7002149F9 /* SearchTableViewCell.swift in Sources */,
				B41C46E7234B553300D3210C /* AddViewController.swift in Sources */,
				B4FD11692371A1A900D3171E /* CalendarAddViewController.swift in Sources */,
				B41C46C4234758DF00D3210C /* AppDelegate.swift in Sources */,
				B41781B2235DE669002149F9 /* NewViewController.swift in Sources */,
				B43F295D236328B000B14757 /* ListChangeViewController.swift in Sources */,
				B41C46DD23475CF500D3210C /* ListViewController.swift in Sources */,
				B4931AA62392806C006C5952 /* DiaryManeger.swift in Sources */,
				B41C46C6234758DF00D3210C /* SceneDelegate.swift in Sources */,
				B41C46DF2347726C00D3210C /* ListDetailViewController.swift in Sources */,
			);
			runOnlyForDeploymentPostprocessing = 0;
		};
/* End PBXSourcesBuildPhase section */

/* Begin PBXVariantGroup section */
		B41C46CB234758DF00D3210C /* Main.storyboard */ = {
			isa = PBXVariantGroup;
			children = (
				B41C46CC234758DF00D3210C /* Base */,
			);
			name = Main.storyboard;
			sourceTree = "<group>";
		};
		B41C46D0234758E200D3210C /* LaunchScreen.storyboard */ = {
			isa = PBXVariantGroup;
			children = (
				B41C46D1234758E200D3210C /* Base */,
			);
			name = LaunchScreen.storyboard;
			sourceTree = "<group>";
		};
/* End PBXVariantGroup section */

/* Begin XCBuildConfiguration section */
		B41C46D4234758E200D3210C /* Debug */ = {
			isa = XCBuildConfiguration;
			buildSettings = {
				ALWAYS_SEARCH_USER_PATHS = NO;
				CLANG_ANALYZER_NONNULL = YES;
				CLANG_ANALYZER_NUMBER_OBJECT_CONVERSION = YES_AGGRESSIVE;
				CLANG_CXX_LANGUAGE_STANDARD = "gnu++14";
				CLANG_CXX_LIBRARY = "libc++";
				CLANG_ENABLE_MODULES = YES;
				CLANG_ENABLE_OBJC_ARC = YES;
				CLANG_ENABLE_OBJC_WEAK = YES;
				CLANG_WARN_BLOCK_CAPTURE_AUTORELEASING = YES;
				CLANG_WARN_BOOL_CONVERSION = YES;
				CLANG_WARN_COMMA = YES;
				CLANG_WARN_CONSTANT_CONVERSION = YES;
				CLANG_WARN_DEPRECATED_OBJC_IMPLEMENTATIONS = YES;
				CLANG_WARN_DIRECT_OBJC_ISA_USAGE = YES_ERROR;
				CLANG_WARN_DOCUMENTATION_COMMENTS = YES;
				CLANG_WARN_EMPTY_BODY = YES;
				CLANG_WARN_ENUM_CONVERSION = YES;
				CLANG_WARN_INFINITE_RECURSION = YES;
				CLANG_WARN_INT_CONVERSION = YES;
				CLANG_WARN_NON_LITERAL_NULL_CONVERSION = YES;
				CLANG_WARN_OBJC_IMPLICIT_RETAIN_SELF = YES;
				CLANG_WARN_OBJC_LITERAL_CONVERSION = YES;
				CLANG_WARN_OBJC_ROOT_CLASS = YES_ERROR;
				CLANG_WARN_RANGE_LOOP_ANALYSIS = YES;
				CLANG_WARN_STRICT_PROTOTYPES = YES;
				CLANG_WARN_SUSPICIOUS_MOVE = YES;
				CLANG_WARN_UNGUARDED_AVAILABILITY = YES_AGGRESSIVE;
				CLANG_WARN_UNREACHABLE_CODE = YES;
				CLANG_WARN__DUPLICATE_METHOD_MATCH = YES;
				COPY_PHASE_STRIP = NO;
				DEBUG_INFORMATION_FORMAT = dwarf;
				ENABLE_STRICT_OBJC_MSGSEND = YES;
				ENABLE_TESTABILITY = YES;
				GCC_C_LANGUAGE_STANDARD = gnu11;
				GCC_DYNAMIC_NO_PIC = NO;
				GCC_NO_COMMON_BLOCKS = YES;
				GCC_OPTIMIZATION_LEVEL = 0;
				GCC_PREPROCESSOR_DEFINITIONS = (
					"DEBUG=1",
					"$(inherited)",
				);
				GCC_WARN_64_TO_32_BIT_CONVERSION = YES;
				GCC_WARN_ABOUT_RETURN_TYPE = YES_ERROR;
				GCC_WARN_UNDECLARED_SELECTOR = YES;
				GCC_WARN_UNINITIALIZED_AUTOS = YES_AGGRESSIVE;
				GCC_WARN_UNUSED_FUNCTION = YES;
				GCC_WARN_UNUSED_VARIABLE = YES;
				IPHONEOS_DEPLOYMENT_TARGET = 13.0;
				MTL_ENABLE_DEBUG_INFO = INCLUDE_SOURCE;
				MTL_FAST_MATH = YES;
				ONLY_ACTIVE_ARCH = YES;
				SDKROOT = iphoneos;
				SWIFT_ACTIVE_COMPILATION_CONDITIONS = DEBUG;
				SWIFT_OPTIMIZATION_LEVEL = "-Onone";
			};
			name = Debug;
		};
		B41C46D5234758E200D3210C /* Release */ = {
			isa = XCBuildConfiguration;
			buildSettings = {
				ALWAYS_SEARCH_USER_PATHS = NO;
				CLANG_ANALYZER_NONNULL = YES;
				CLANG_ANALYZER_NUMBER_OBJECT_CONVERSION = YES_AGGRESSIVE;
				CLANG_CXX_LANGUAGE_STANDARD = "gnu++14";
				CLANG_CXX_LIBRARY = "libc++";
				CLANG_ENABLE_MODULES = YES;
				CLANG_ENABLE_OBJC_ARC = YES;
				CLANG_ENABLE_OBJC_WEAK = YES;
				CLANG_WARN_BLOCK_CAPTURE_AUTORELEASING = YES;
				CLANG_WARN_BOOL_CONVERSION = YES;
				CLANG_WARN_COMMA = YES;
				CLANG_WARN_CONSTANT_CONVERSION = YES;
				CLANG_WARN_DEPRECATED_OBJC_IMPLEMENTATIONS = YES;
				CLANG_WARN_DIRECT_OBJC_ISA_USAGE = YES_ERROR;
				CLANG_WARN_DOCUMENTATION_COMMENTS = YES;
				CLANG_WARN_EMPTY_BODY = YES;
				CLANG_WARN_ENUM_CONVERSION = YES;
				CLANG_WARN_INFINITE_RECURSION = YES;
				CLANG_WARN_INT_CONVERSION = YES;
				CLANG_WARN_NON_LITERAL_NULL_CONVERSION = YES;
				CLANG_WARN_OBJC_IMPLICIT_RETAIN_SELF = YES;
				CLANG_WARN_OBJC_LITERAL_CONVERSION = YES;
				CLANG_WARN_OBJC_ROOT_CLASS = YES_ERROR;
				CLANG_WARN_RANGE_LOOP_ANALYSIS = YES;
				CLANG_WARN_STRICT_PROTOTYPES = YES;
				CLANG_WARN_SUSPICIOUS_MOVE = YES;
				CLANG_WARN_UNGUARDED_AVAILABILITY = YES_AGGRESSIVE;
				CLANG_WARN_UNREACHABLE_CODE = YES;
				CLANG_WARN__DUPLICATE_METHOD_MATCH = YES;
				COPY_PHASE_STRIP = NO;
				DEBUG_INFORMATION_FORMAT = "dwarf-with-dsym";
				ENABLE_NS_ASSERTIONS = NO;
				ENABLE_STRICT_OBJC_MSGSEND = YES;
				GCC_C_LANGUAGE_STANDARD = gnu11;
				GCC_NO_COMMON_BLOCKS = YES;
				GCC_WARN_64_TO_32_BIT_CONVERSION = YES;
				GCC_WARN_ABOUT_RETURN_TYPE = YES_ERROR;
				GCC_WARN_UNDECLARED_SELECTOR = YES;
				GCC_WARN_UNINITIALIZED_AUTOS = YES_AGGRESSIVE;
				GCC_WARN_UNUSED_FUNCTION = YES;
				GCC_WARN_UNUSED_VARIABLE = YES;
				IPHONEOS_DEPLOYMENT_TARGET = 13.0;
				MTL_ENABLE_DEBUG_INFO = NO;
				MTL_FAST_MATH = YES;
				SDKROOT = iphoneos;
				SWIFT_COMPILATION_MODE = wholemodule;
				SWIFT_OPTIMIZATION_LEVEL = "-O";
				VALIDATE_PRODUCT = YES;
			};
			name = Release;
		};
		B41C46D7234758E200D3210C /* Debug */ = {
			isa = XCBuildConfiguration;
			baseConfigurationReference = 07BBD21DEA52D753BD682DFF /* Pods-Swift5_StressAPP.debug.xcconfig */;
			buildSettings = {
				ASSETCATALOG_COMPILER_APPICON_NAME = AppIcon;
				CODE_SIGN_STYLE = Automatic;
				INFOPLIST_FILE = Swift5_StressAPP/Info.plist;
				LD_RUNPATH_SEARCH_PATHS = (
					"$(inherited)",
					"@executable_path/Frameworks",
				);
				PRODUCT_BUNDLE_IDENTIFIER = "com.ios-koseki.Swift5-StressAPP";
				PRODUCT_NAME = "$(TARGET_NAME)";
				SWIFT_VERSION = 5.0;
				TARGETED_DEVICE_FAMILY = 1;
			};
			name = Debug;
		};
		B41C46D8234758E200D3210C /* Release */ = {
			isa = XCBuildConfiguration;
			baseConfigurationReference = FB80D451DDBA31C9049F5B1C /* Pods-Swift5_StressAPP.release.xcconfig */;
			buildSettings = {
				ASSETCATALOG_COMPILER_APPICON_NAME = AppIcon;
				CODE_SIGN_STYLE = Automatic;
				INFOPLIST_FILE = Swift5_StressAPP/Info.plist;
				LD_RUNPATH_SEARCH_PATHS = (
					"$(inherited)",
					"@executable_path/Frameworks",
				);
				PRODUCT_BUNDLE_IDENTIFIER = "com.ios-koseki.Swift5-StressAPP";
				PRODUCT_NAME = "$(TARGET_NAME)";
				SWIFT_VERSION = 5.0;
				TARGETED_DEVICE_FAMILY = 1;
			};
			name = Release;
		};
/* End XCBuildConfiguration section */

/* Begin XCConfigurationList section */
		B41C46BB234758DF00D3210C /* Build configuration list for PBXProject "Swift5_StressAPP" */ = {
			isa = XCConfigurationList;
			buildConfigurations = (
				B41C46D4234758E200D3210C /* Debug */,
				B41C46D5234758E200D3210C /* Release */,
			);
			defaultConfigurationIsVisible = 0;
			defaultConfigurationName = Release;
		};
		B41C46D6234758E200D3210C /* Build configuration list for PBXNativeTarget "Swift5_StressAPP" */ = {
			isa = XCConfigurationList;
			buildConfigurations = (
				B41C46D7234758E200D3210C /* Debug */,
				B41C46D8234758E200D3210C /* Release */,
			);
			defaultConfigurationIsVisible = 0;
			defaultConfigurationName = Release;
		};
/* End XCConfigurationList section */
	};
	rootObject = B41C46B8234758DF00D3210C /* Project object */;
}
